
Microsoft Visual Studio Solution File, Format Version 12.00
# Visual Studio 15
VisualStudioVersion = 15.0.28307.960
MinimumVisualStudioVersion = 10.0.40219.1
Project("{FAE04EC0-301F-11D3-BF4B-00C04F79EFBC}") = "techHW4", "techHW4\techHW4.csproj", "{CFACD3F2-8CFB-436A-A62D-7FAB5B2636A1}"
EndProject
Global
	GlobalSection(SolutionConfigurationPlatforms) = preSolution
		Debug|Any CPU = Debug|Any CPU
		Release|Any CPU = Release|Any CPU
	EndGlobalSection
	GlobalSection(ProjectConfigurationPlatforms) = postSolution
		{CFACD3F2-8CFB-436A-A62D-7FAB5B2636A1}.Debug|Any CPU.ActiveCfg = Debug|Any CPU
		{CFACD3F2-8CFB-436A-A62D-7FAB5B2636A1}.Debug|Any CPU.Build.0 = Debug|Any CPU
		{CFACD3F2-8CFB-436A-A62D-7FAB5B2636A1}.Release|Any CPU.ActiveCfg = Release|Any CPU
		{CFACD3F2-8CFB-436A-A62D-7FAB5B2636A1}.Release|Any CPU.Build.0 = Release|Any CPU
	EndGlobalSection
	GlobalSection(SolutionProperties) = preSolution
		HideSolutionNode = FALSE
	EndGlobalSection
	GlobalSection(ExtensibilityGlobals) = postSolution
		SolutionGuid = {CD33FCB7-5218-4C7A-BA88-B4367443F2C5}
	EndGlobalSection
EndGlobal
